Microsoft Visual Studio Solution File, Format Version 12.00
# Visual Studio Version 17
VisualStudioVersion = 17.5.2.0
MinimumVisualStudioVersion = 10.0.40219.1
Project("{FAE04EC0-301F-11D3-BF4B-00C04F79EFBC}") = "GitHub-User-Activity", "GitHub-User-Activity.csproj", "{84724D39-04B3-89E6-1C3E-4CC7C13D0AC3}"
EndProject
Global
	GlobalSection(SolutionConfigurationPlatforms) = preSolution
		Debug|Any CPU = Debug|Any CPU
		Release|Any CPU = Release|Any CPU
	EndGlobalSection
	GlobalSection(ProjectConfigurationPlatforms) = postSolution
		{84724D39-04B3-89E6-1C3E-4CC7C13D0AC3}.Debug|Any CPU.ActiveCfg = Debug|Any CPU
		{84724D39-04B3-89E6-1C3E-4CC7C13D0AC3}.Debug|Any CPU.Build.0 = Debug|Any CPU
		{84724D39-04B3-89E6-1C3E-4CC7C13D0AC3}.Release|Any CPU.ActiveCfg = Release|Any CPU
		{84724D39-04B3-89E6-1C3E-4CC7C13D0AC3}.Release|Any CPU.Build.0 = Release|Any CPU
	EndGlobalSection
	GlobalSection(SolutionProperties) = preSolution
		HideSolutionNode = FALSE
	EndGlobalSection
	GlobalSection(ExtensibilityGlobals) = postSolution
		SolutionGuid = {0157A61F-A306-4CDD-92D1-9FF97C3EA6D8}
	EndGlobalSection
EndGlobal
